
Microsoft Visual Studio Solution File, Format Version 12.00
# Visual Studio Version 16
VisualStudioVersion = 16.0.32413.511
MinimumVisualStudioVersion = 10.0.40219.1
Project("{8BC9CEB8-8B4A-11D0-8D11-00A0C91BC942}") = "BooksClass(homeWork)", "BooksClass(homeWork)\BooksClass(homeWork).vcxproj", "{E4051DB9-A48F-4FB7-962C-1A412C70B717}"
EndProject
Global
	GlobalSection(SolutionConfigurationPlatforms) = preSolution
		Debug|x64 = Debug|x64
		Debug|x86 = Debug|x86
		Release|x64 = Release|x64
		Release|x86 = Release|x86
	EndGlobalSection
	GlobalSection(ProjectConfigurationPlatforms) = postSolution
		{E4051DB9-A48F-4FB7-962C-1A412C70B717}.Debug|x64.ActiveCfg = Debug|x64
		{E4051DB9-A48F-4FB7-962C-1A412C70B717}.Debug|x64.Build.0 = Debug|x64
		{E4051DB9-A48F-4FB7-962C-1A412C70B717}.Debug|x86.ActiveCfg = Debug|Win32
		{E4051DB9-A48F-4FB7-962C-1A412C70B717}.Debug|x86.Build.0 = Debug|Win32
		{E4051DB9-A48F-4FB7-962C-1A412C70B717}.Release|x64.ActiveCfg = Release|x64
		{E4051DB9-A48F-4FB7-962C-1A412C70B717}.Release|x64.Build.0 = Release|x64
		{E4051DB9-A48F-4FB7-962C-1A412C70B717}.Release|x86.ActiveCfg = Release|Win32
		{E4051DB9-A48F-4FB7-962C-1A412C70B717}.Release|x86.Build.0 = Release|Win32
	EndGlobalSection
	GlobalSection(SolutionProperties) = preSolution
		HideSolutionNode = FALSE
	EndGlobalSection
	GlobalSection(ExtensibilityGlobals) = postSolution
		SolutionGuid = {0B0210D9-4C35-4B19-A48B-A30DDD895E00}
	EndGlobalSection
EndGlobal
